
Microsoft Visual Studio Solution File, Format Version 12.00
# Visual Studio Version 17
VisualStudioVersion = 17.9.34607.119
MinimumVisualStudioVersion = 10.0.40219.1
Project("{FAE04EC0-301F-11D3-BF4B-00C04F79EFBC}") = "U4_BW1_LL", "U4_BW1_LL\U4_BW1_LL.csproj", "{4B80A25E-45A0-44E4-824D-893D86543A43}"
EndProject
Global
	GlobalSection(SolutionConfigurationPlatforms) = preSolution
		Debug|Any CPU = Debug|Any CPU
		Release|Any CPU = Release|Any CPU
	EndGlobalSection
	GlobalSection(ProjectConfigurationPlatforms) = postSolution
		{4B80A25E-45A0-44E4-824D-893D86543A43}.Debug|Any CPU.ActiveCfg = Debug|Any CPU
		{4B80A25E-45A0-44E4-824D-893D86543A43}.Debug|Any CPU.Build.0 = Debug|Any CPU
		{4B80A25E-45A0-44E4-824D-893D86543A43}.Release|Any CPU.ActiveCfg = Release|Any CPU
		{4B80A25E-45A0-44E4-824D-893D86543A43}.Release|Any CPU.Build.0 = Release|Any CPU
	EndGlobalSection
	GlobalSection(SolutionProperties) = preSolution
		HideSolutionNode = FALSE
	EndGlobalSection
	GlobalSection(ExtensibilityGlobals) = postSolution
		SolutionGuid = {0338AB10-CCDB-4106-AA41-F1D6277C35EE}
	EndGlobalSection
EndGlobal
